
Microsoft Visual Studio Solution File, Format Version 12.00
# Visual Studio Version 17
VisualStudioVersion = 17.0.31912.275
MinimumVisualStudioVersion = 10.0.40219.1
Project("{9A19103F-16F7-4668-BE54-9A1E7A4F7556}") = "WebNewsAggregator.Entities", "WebNewsAggregator.Entities\WebNewsAggregator.Entities.csproj", "{727119C3-6397-48F6-9221-F2450C733D85}"
EndProject
Project("{2150E333-8FDC-42A3-9474-1A3956D46DE8}") = "Solution Items", "Solution Items", "{3DD7EAD1-ABE4-4E3A-8765-D09A83D43314}"
	ProjectSection(SolutionItems) = preProject
		.editorconfig = .editorconfig
	EndProjectSection
EndProject
Project("{FAE04EC0-301F-11D3-BF4B-00C04F79EFBC}") = "WebNewsAggregator.Services", "WebNewsAggregator.Services\WebNewsAggregator.Services.csproj", "{F688007F-E712-4D92-A469-3B692C52B5B8}"
EndProject
Project("{FAE04EC0-301F-11D3-BF4B-00C04F79EFBC}") = "WebNewsAggregator.Repositories", "WebNewsAggregator.Repositories\WebNewsAggregator.Repositories.csproj", "{2EFE7BB7-CF6B-45CF-A515-14FFDCBCDB24}"
EndProject
Global
	GlobalSection(SolutionConfigurationPlatforms) = preSolution
		Debug|Any CPU = Debug|Any CPU
		Release|Any CPU = Release|Any CPU
	EndGlobalSection
	GlobalSection(ProjectConfigurationPlatforms) = postSolution
		{727119C3-6397-48F6-9221-F2450C733D85}.Debug|Any CPU.ActiveCfg = Debug|Any CPU
		{727119C3-6397-48F6-9221-F2450C733D85}.Debug|Any CPU.Build.0 = Debug|Any CPU
		{727119C3-6397-48F6-9221-F2450C733D85}.Release|Any CPU.ActiveCfg = Release|Any CPU
		{727119C3-6397-48F6-9221-F2450C733D85}.Release|Any CPU.Build.0 = Release|Any CPU
		{F688007F-E712-4D92-A469-3B692C52B5B8}.Debug|Any CPU.ActiveCfg = Debug|Any CPU
		{F688007F-E712-4D92-A469-3B692C52B5B8}.Debug|Any CPU.Build.0 = Debug|Any CPU
		{F688007F-E712-4D92-A469-3B692C52B5B8}.Release|Any CPU.ActiveCfg = Release|Any CPU
		{F688007F-E712-4D92-A469-3B692C52B5B8}.Release|Any CPU.Build.0 = Release|Any CPU
		{2EFE7BB7-CF6B-45CF-A515-14FFDCBCDB24}.Debug|Any CPU.ActiveCfg = Debug|Any CPU
		{2EFE7BB7-CF6B-45CF-A515-14FFDCBCDB24}.Debug|Any CPU.Build.0 = Debug|Any CPU
		{2EFE7BB7-CF6B-45CF-A515-14FFDCBCDB24}.Release|Any CPU.ActiveCfg = Release|Any CPU
		{2EFE7BB7-CF6B-45CF-A515-14FFDCBCDB24}.Release|Any CPU.Build.0 = Release|Any CPU
	EndGlobalSection
	GlobalSection(SolutionProperties) = preSolution
		HideSolutionNode = FALSE
	EndGlobalSection
	GlobalSection(ExtensibilityGlobals) = postSolution
		SolutionGuid = {4650C37A-DA38-4535-A467-6F6121A4DA65}
	EndGlobalSection
EndGlobal
